{
  "name": "verhalt.js-parser",
  "lockfileVersion": 3,
  "requires": true,
  "packages": {
    "": {
      "dependencies": {
        "@verhalt/types": "^1.0.0"
      }
    },
    "node_modules/@verhalt/types": {
      "version": "1.0.0",
      "resolved": "https://registry.npmjs.org/@verhalt/types/-/types-1.0.0.tgz",
      "integrity": "sha512-NuZADeeZo5Yvrop6Fctap8bjnKpKldDgxsh0+EGDV6aF4AJGALD343kvSnX/D6uaCinTw3B6H5QirnJumJUPFQ==",
      "license": "ISC"
    }
  }
}
