{
  "name": "@verhalt/parser",
  "version": "1.0.0",
  "lockfileVersion": 3,
  "requires": true,
  "packages": {
    "": {
      "name": "@verhalt/parser",
      "version": "1.0.0",
      "license": "ISC",
      "dependencies": {
        "@verhalt/types": "^1.0.1"
      },
      "devDependencies": {}
    },
    "node_modules/@verhalt/types": {
      "version": "1.0.1",
      "resolved": "https://registry.npmjs.org/@verhalt/types/-/types-1.0.1.tgz",
      "integrity": "sha512-U63V2lsW0SRGp/l924yAtgvTU1t8b6Uu8jSXI824S2Q7c2JE+AecewBjgN0wLPq7vHaQ+2R56hGQyMXj9zV2EA==",
      "license": "ISC"
    }
  }
}
